
Microsoft Visual Studio Solution File, Format Version 12.00
# Visual Studio Version 17
VisualStudioVersion = 17.3.32804.467
MinimumVisualStudioVersion = 10.0.40219.1
Project("{F184B08F-C81C-45F6-A57F-5ABD9991F28F}") = "GroupProject", "GroupProject\GroupProject.vbproj", "{613C3863-43B9-413D-901C-0EC3434422A9}"
EndProject
Global
	GlobalSection(SolutionConfigurationPlatforms) = preSolution
		Debug|Any CPU = Debug|Any CPU
		Release|Any CPU = Release|Any CPU
	EndGlobalSection
	GlobalSection(ProjectConfigurationPlatforms) = postSolution
		{613C3863-43B9-413D-901C-0EC3434422A9}.Debug|Any CPU.ActiveCfg = Debug|Any CPU
		{613C3863-43B9-413D-901C-0EC3434422A9}.Debug|Any CPU.Build.0 = Debug|Any CPU
		{613C3863-43B9-413D-901C-0EC3434422A9}.Release|Any CPU.ActiveCfg = Release|Any CPU
		{613C3863-43B9-413D-901C-0EC3434422A9}.Release|Any CPU.Build.0 = Release|Any CPU
	EndGlobalSection
	GlobalSection(SolutionProperties) = preSolution
		HideSolutionNode = FALSE
	EndGlobalSection
	GlobalSection(ExtensibilityGlobals) = postSolution
		SolutionGuid = {617AD881-7F69-4371-8BB0-F9410C73C52D}
	EndGlobalSection
EndGlobal
